lockfileVersion: 5.4

specifiers:
  '@mi/scm-track': file:/Users/lee/development/mi-opensource/scm-track/mi-scm-track-0.0.1-alpha.0.tgz
  chalk: ^4.1.2
  css-loader: ^6.5.1
  html-webpack-plugin: ^5.5.0
  lodash: ^4.17.21
  mini-css-extract-plugin: ^2.4.5
  webpack: ^5.64.4
  webpack-cli: ^4.9.1
  zx: ^7.2.3

dependencies:
  '@mi/scm-track': file:../../mi-opensource/scm-track/mi-scm-track-0.0.1-alpha.0.tgz_okaxegydrcw3wjsx56u557aiea
  chalk: 4.1.2
  css-loader: 6.5.1_webpack@5.64.4
  html-webpack-plugin: 5.5.0_webpack@5.64.4
  lodash: 4.17.21
  mini-css-extract-plugin: 2.4.5_webpack@5.64.4
  webpack: 5.64.4_webpack-cli@4.9.1
  webpack-cli: 4.9.1_webpack@5.64.4
  zx: 7.2.3

packages:

  /@discoveryjs/json-ext/0.5.6:
    resolution: {integrity: sha1-1eBwbPjGrNjGAy+NVAcK8mG7uy8=}
    engines: {node: '>=10.0.0'}
    dev: false

  /@nodelib/fs.scandir/2.1.5:
    resolution: {integrity: sha1-dhnC6yGyVIP20WdUi0z9WnSIw9U=}
    engines: {node: '>= 8'}
    dependencies:
      '@nodelib/fs.stat': 2.0.5
      run-parallel: 1.2.0
    dev: false

  /@nodelib/fs.stat/2.0.5:
    resolution: {integrity: sha1-W9Jir5Tp0lvR5xsF3u1Eh2oiLos=}
    engines: {node: '>= 8'}
    dev: false

  /@nodelib/fs.walk/1.2.8:
    resolution: {integrity: sha1-6Vc36LtnRt3t9pxVaVNJTxlv5po=}
    engines: {node: '>= 8'}
    dependencies:
      '@nodelib/fs.scandir': 2.1.5
      fastq: 1.15.0
    dev: false

  /@types/eslint-scope/3.7.1:
    resolution: {integrity: sha1-jcOQp7T53Z8ShGKe/OmC5BYSEW4=}
    dependencies:
      '@types/eslint': 8.2.0
      '@types/estree': 0.0.50
    dev: false

  /@types/eslint/8.2.0:
    resolution: {integrity: sha1-r9BRkiPCnDRwh1Qsuu4v7cCHOxY=}
    dependencies:
      '@types/estree': 0.0.50
      '@types/json-schema': 7.0.9
    dev: false

  /@types/estree/0.0.50:
    resolution: {integrity: sha1-Hgyqk2TT/M0pMcPtlv2+ql1MyoM=}
    dev: false

  /@types/fs-extra/11.0.4:
    resolution: {integrity: sha1-4WqGO7iEP7qMUAQ2K1pz4XvsykU=}
    dependencies:
      '@types/jsonfile': 6.1.4
      '@types/node': 18.19.2
    dev: false

  /@types/html-minifier-terser/6.1.0:
    resolution: {integrity: sha1-T8M6AMHQwWmHsaIM+S0gYUxVrDU=}
    dev: false

  /@types/json-schema/7.0.9:
    resolution: {integrity: sha1-l+3JA36gw4WFMgsolk3eOznkZg0=}
    dev: false

  /@types/jsonfile/6.1.4:
    resolution: {integrity: sha1-YUr+waEWTn1nC0p61k3z5763twI=}
    dependencies:
      '@types/node': 18.19.2
    dev: false

  /@types/minimist/1.2.5:
    resolution: {integrity: sha1-7BB1XocUl7zYPv6SfkPsRujAdH4=}
    dev: false

  /@types/node/16.11.11:
    resolution: {integrity: sha1-bqc0Lfs3nqEhCDW62oezxRISAjQ=}
    dev: false

  /@types/node/18.19.2:
    resolution: {integrity: sha1-hlEHFXvaIg7vn6jCFzFS1lWaQa4=}
    dependencies:
      undici-types: 5.26.5
    dev: false

  /@types/ps-tree/1.1.6:
    resolution: {integrity: sha1-+7Itq+PWS3kpXzfOCvtzIKJqyaY=}
    dev: false

  /@types/which/3.0.3:
    resolution: {integrity: sha1-QRQu1aR0MSjxvAtpxGiQ8EU924k=}
    dev: false

  /@webassemblyjs/ast/1.11.1:
    resolution: {integrity: sha1-K/12fq4aaZb0Mv9+jX/HVnnAtqc=}
    dependencies:
      '@webassemblyjs/helper-numbers': 1.11.1
      '@webassemblyjs/helper-wasm-bytecode': 1.11.1
    dev: false

  /@webassemblyjs/floating-point-hex-parser/1.11.1:
    resolution: {integrity: sha1-9sYacF8P16auyqToGY8j2dwXnk8=}
    dev: false

  /@webassemblyjs/helper-api-error/1.11.1:
    resolution: {integrity: sha1-GmMZLYeI5cASgAump6RscFKI/RY=}
    dev: false

  /@webassemblyjs/helper-buffer/1.11.1:
    resolution: {integrity: sha1-gyqQDrREiEzemnytRn+BUA9eWrU=}
    dev: false

  /@webassemblyjs/helper-numbers/1.11.1:
    resolution: {integrity: sha1-ZNgdohn7u6HjvRv8dPboxOEKYq4=}
    dependencies:
      '@webassemblyjs/floating-point-hex-parser': 1.11.1
      '@webassemblyjs/helper-api-error': 1.11.1
      '@xtuc/long': 4.2.2
    dev: false

  /@webassemblyjs/helper-wasm-bytecode/1.11.1:
    resolution: {integrity: sha1-8ygkHkHnsZnQsgwY6IQpxEMyleE=}
    dev: false

  /@webassemblyjs/helper-wasm-section/1.11.1:
    resolution: {integrity: sha1-Ie4GWntjXzGec48N1zv72igcCXo=}
    dependencies:
      '@webassemblyjs/ast': 1.11.1
      '@webassemblyjs/helper-buffer': 1.11.1
      '@webassemblyjs/helper-wasm-bytecode': 1.11.1
      '@webassemblyjs/wasm-gen': 1.11.1
    dev: false

  /@webassemblyjs/ieee754/1.11.1:
    resolution: {integrity: sha1-ljkp6bvQVwnn4SJDoJkYCBKZJhQ=}
    dependencies:
      '@xtuc/ieee754': 1.2.0
    dev: false

  /@webassemblyjs/leb128/1.11.1:
    resolution: {integrity: sha1-zoFLRVdOk9drrh+yZEq5zdlSeqU=}
    dependencies:
      '@xtuc/long': 4.2.2
    dev: false

  /@webassemblyjs/utf8/1.11.1:
    resolution: {integrity: sha1-0fi3ZDaefG5rrjUOhU3smlnwo/8=}
    dev: false

  /@webassemblyjs/wasm-edit/1.11.1:
    resolution: {integrity: sha1-rSBuv0v5WgWM6YgKjAksXeyBk9Y=}
    dependencies:
      '@webassemblyjs/ast': 1.11.1
      '@webassemblyjs/helper-buffer': 1.11.1
      '@webassemblyjs/helper-wasm-bytecode': 1.11.1
      '@webassemblyjs/helper-wasm-section': 1.11.1
      '@webassemblyjs/wasm-gen': 1.11.1
      '@webassemblyjs/wasm-opt': 1.11.1
      '@webassemblyjs/wasm-parser': 1.11.1
      '@webassemblyjs/wast-printer': 1.11.1
    dev: false

  /@webassemblyjs/wasm-gen/1.11.1:
    resolution: {integrity: sha1-hsXqMEhJdZt9iMR6MvTwOa48j3Y=}
    dependencies:
      '@webassemblyjs/ast': 1.11.1
      '@webassemblyjs/helper-wasm-bytecode': 1.11.1
      '@webassemblyjs/ieee754': 1.11.1
      '@webassemblyjs/leb128': 1.11.1
      '@webassemblyjs/utf8': 1.11.1
    dev: false

  /@webassemblyjs/wasm-opt/1.11.1:
    resolution: {integrity: sha1-ZXtMIgL0zzs0X4pMZGHIwkGJhfI=}
    dependencies:
      '@webassemblyjs/ast': 1.11.1
      '@webassemblyjs/helper-buffer': 1.11.1
      '@webassemblyjs/wasm-gen': 1.11.1
      '@webassemblyjs/wasm-parser': 1.11.1
    dev: false

  /@webassemblyjs/wasm-parser/1.11.1:
    resolution: {integrity: sha1-hspzRTT0F+m9PGfHocddi+QfsZk=}
    dependencies:
      '@webassemblyjs/ast': 1.11.1
      '@webassemblyjs/helper-api-error': 1.11.1
      '@webassemblyjs/helper-wasm-bytecode': 1.11.1
      '@webassemblyjs/ieee754': 1.11.1
      '@webassemblyjs/leb128': 1.11.1
      '@webassemblyjs/utf8': 1.11.1
    dev: false

  /@webassemblyjs/wast-printer/1.11.1:
    resolution: {integrity: sha1-0Mc77ajuxUJvEK6O9VzuXnCEwvA=}
    dependencies:
      '@webassemblyjs/ast': 1.11.1
      '@xtuc/long': 4.2.2
    dev: false

  /@webpack-cli/configtest/1.1.0_oalnehy4lrvn7oeoqxdhsgl4xi:
    resolution: {integrity: sha1-g0K+8Lrft9/TtXbyV0q4DHJb4EM=}
    peerDependencies:
      webpack: 4.x.x || 5.x.x
      webpack-cli: 4.x.x
    dependencies:
      webpack: 5.64.4_webpack-cli@4.9.1
      webpack-cli: 4.9.1_webpack@5.64.4
    dev: false

  /@webpack-cli/info/1.4.0_webpack-cli@4.9.1:
    resolution: {integrity: sha1-uRecMierCcu7FJqnM0dfz5lDAiM=}
    peerDependencies:
      webpack-cli: 4.x.x
    dependencies:
      envinfo: 7.8.1
      webpack-cli: 4.9.1_webpack@5.64.4
    dev: false

  /@webpack-cli/serve/1.6.0_webpack-cli@4.9.1:
    resolution: {integrity: sha1-LCdaoFyJXszrv8NM+yI8bovVkaI=}
    peerDependencies:
      webpack-cli: 4.x.x
      webpack-dev-server: '*'
    peerDependenciesMeta:
      webpack-dev-server:
        optional: true
    dependencies:
      webpack-cli: 4.9.1_webpack@5.64.4
    dev: false

  /@xtuc/ieee754/1.2.0:
    resolution: {integrity: sha1-7vAUoxRa5Hehy8AM0eVSM23Ot5A=}
    dev: false

  /@xtuc/long/4.2.2:
    resolution: {integrity: sha1-0pHGpOl5ibXGHZrPOWrk/hM6cY0=}
    dev: false

  /acorn-import-assertions/1.8.0_acorn@8.6.0:
    resolution: {integrity: sha1-uitZOc5iwjjbbZPYHJsRGym4Vek=}
    peerDependencies:
      acorn: ^8
    dependencies:
      acorn: 8.6.0
    dev: false

  /acorn/8.6.0:
    resolution: {integrity: sha1-42kroOsaDIPqpPN/X6c2jdcUKJU=}
    engines: {node: '>=0.4.0'}
    hasBin: true
    dev: false

  /ajv-formats/2.1.1:
    resolution: {integrity: sha1-bmaUAGWet0lzu/LjMycYCgmWtSA=}
    peerDependenciesMeta:
      ajv:
        optional: true
    dependencies:
      ajv: 8.8.2
    dev: false

  /ajv-keywords/3.5.2_ajv@6.12.6:
    resolution: {integrity: sha1-MfKdpatuANHC0yms97WSlhTVAU0=}
    peerDependencies:
      ajv: ^6.9.1
    dependencies:
      ajv: 6.12.6
    dev: false

  /ajv-keywords/5.1.0_ajv@8.8.2:
    resolution: {integrity: sha1-adTThaRzPNvqtElkoRcKiPh/DhY=}
    peerDependencies:
      ajv: ^8.8.2
    dependencies:
      ajv: 8.8.2
      fast-deep-equal: 3.1.3
    dev: false

  /ajv/6.12.6:
    resolution: {integrity: sha1-uvWmLoArB9l3A0WG+MO69a3ybfQ=}
    dependencies:
      fast-deep-equal: 3.1.3
      fast-json-stable-stringify: 2.1.0
      json-schema-traverse: 0.4.1
      uri-js: 4.4.1
    dev: false

  /ajv/8.8.2:
    resolution: {integrity: sha1-AbT+8gB6KL918Lf8AJ9iZ53kq7s=}
    dependencies:
      fast-deep-equal: 3.1.3
      json-schema-traverse: 1.0.0
      require-from-string: 2.0.2
      uri-js: 4.4.1
    dev: false

  /ansi-regex/5.0.1:
    resolution: {integrity: sha1-CCyyyJyf6GWaMRpTvWpNxTAdswQ=}
    engines: {node: '>=8'}
    dev: false

  /ansi-styles/4.3.0:
    resolution: {integrity: sha1-7dgDYornHATIWuegkG7a00tkiTc=}
    engines: {node: '>=8'}
    dependencies:
      color-convert: 2.0.1
    dev: false

  /boolbase/1.0.0:
    resolution: {integrity: sha1-aN/1++YMUes3cl6p4+0xDcwed24=}
    dev: false

  /braces/3.0.2:
    resolution: {integrity: sha1-NFThpGLujVmeI23zNs2epPiv4Qc=}
    engines: {node: '>=8'}
    dependencies:
      fill-range: 7.0.1
    dev: false

  /browserslist/4.18.1:
    resolution: {integrity: sha1-YNOSDyW2hg65F8bHsYVXb02LAX8=}
    engines: {node: ^6 || ^7 || ^8 || ^9 || ^10 || ^11 || ^12 || >=13.7}
    hasBin: true
    dependencies:
      caniuse-lite: 1.0.30001283
      electron-to-chromium: 1.4.8
      escalade: 3.1.1
      node-releases: 2.0.1
      picocolors: 1.0.0
    dev: false

  /buffer-from/1.1.2:
    resolution: {integrity: sha1-KxRqb9cugLT1XSVfNe1Zo6mkG9U=}
    dev: false

  /camel-case/4.1.2:
    resolution: {integrity: sha1-lygHKpVPgFIoIlpt7qazhGHhvVo=}
    dependencies:
      pascal-case: 3.1.2
      tslib: 2.3.1
    dev: false

  /caniuse-lite/1.0.30001283:
    resolution: {integrity: sha1-hXNoW9rk1zPvGPeNRLoMpf6eiWs=}
    dev: false

  /chalk/4.1.2:
    resolution: {integrity: sha1-qsTit3NKdAhnrrFr8CqtVWoeegE=}
    engines: {node: '>=10'}
    dependencies:
      ansi-styles: 4.3.0
      supports-color: 7.2.0
    dev: false

  /chalk/5.3.0:
    resolution: {integrity: sha1-Z8IKfr73Dn85cKAfkPohDLaGA4U=}
    engines: {node: ^12.17.0 || ^14.13 || >=16.0.0}
    dev: false

  /chrome-trace-event/1.0.3:
    resolution: {integrity: sha1-EBXs7UdB4V0GZkqVfbv1DQQeJqw=}
    engines: {node: '>=6.0'}
    dev: false

  /clean-css/5.2.2:
    resolution: {integrity: sha1-06fG7iURAR4FFxmDi9z4MU3EVI0=}
    engines: {node: '>= 10.0'}
    dependencies:
      source-map: 0.6.1
    dev: false

  /clone-deep/4.0.1:
    resolution: {integrity: sha1-wZ/Zvbv4WUK0/ZechNz31fB8I4c=}
    engines: {node: '>=6'}
    dependencies:
      is-plain-object: 2.0.4
      kind-of: 6.0.3
      shallow-clone: 3.0.1
    dev: false

  /color-convert/2.0.1:
    resolution: {integrity: sha1-ctOmjVmMm9s68q0ehPIdiWq9TeM=}
    engines: {node: '>=7.0.0'}
    dependencies:
      color-name: 1.1.4
    dev: false

  /color-name/1.1.4:
    resolution: {integrity: sha1-wqCah6y95pVD3m9j+jmVyCbFNqI=}
    dev: false

  /colorette/2.0.16:
    resolution: {integrity: sha1-cTua+E/bAAE58EVGvUqT9ipQhdo=}
    dev: false

  /commander/2.20.3:
    resolution: {integrity: sha1-/UhehMA+tIgcIHIrpIA16FMa6zM=}
    dev: false

  /commander/7.2.0:
    resolution: {integrity: sha1-o2y1fQtQHOEI5NIFWaFQo5HZerc=}
    engines: {node: '>= 10'}
    dev: false

  /commander/8.3.0:
    resolution: {integrity: sha1-SDfqGy2me5xhamevuw+v7lZ7ymY=}
    engines: {node: '>= 12'}
    dev: false

  /cross-spawn/7.0.3:
    resolution: {integrity: sha1-9zqFudXUHQRVUcF34ogtSshXKKY=}
    engines: {node: '>= 8'}
    dependencies:
      path-key: 3.1.1
      shebang-command: 2.0.0
      which: 2.0.2
    dev: false

  /css-loader/6.5.1_webpack@5.64.4:
    resolution: {integrity: sha1-DEPU++DZf2mckemBjLWFdZCR0bE=}
    engines: {node: '>= 12.13.0'}
    peerDependencies:
      webpack: ^5.0.0
    dependencies:
      icss-utils: 5.1.0_postcss@8.4.4
      postcss: 8.4.4
      postcss-modules-extract-imports: 3.0.0_postcss@8.4.4
      postcss-modules-local-by-default: 4.0.0_postcss@8.4.4
      postcss-modules-scope: 3.0.0_postcss@8.4.4
      postcss-modules-values: 4.0.0_postcss@8.4.4
      postcss-value-parser: 4.2.0
      semver: 7.3.5
      webpack: 5.64.4_webpack-cli@4.9.1
    dev: false

  /css-select/4.1.3:
    resolution: {integrity: sha1-pwRA9wMX8maRGK10/xBeZYSccGc=}
    dependencies:
      boolbase: 1.0.0
      css-what: 5.1.0
      domhandler: 4.3.0
      domutils: 2.8.0
      nth-check: 2.0.1
    dev: false

  /css-what/5.1.0:
    resolution: {integrity: sha1-P3tweq32M7r2LCzrhXm1RbtA9/4=}
    engines: {node: '>= 6'}
    dev: false

  /cssesc/3.0.0:
    resolution: {integrity: sha1-N3QZGZA7hoVl4cCep0dEXNGJg+4=}
    engines: {node: '>=4'}
    hasBin: true
    dev: false

  /data-uri-to-buffer/4.0.1:
    resolution: {integrity: sha1-2P6ysogeak9YwuCKz9Dig04mIi4=}
    engines: {node: '>= 12'}
    dev: false

  /dir-glob/3.0.1:
    resolution: {integrity: sha1-Vtv3PZkqSpO6FYT0U0Bj/S5BcX8=}
    engines: {node: '>=8'}
    dependencies:
      path-type: 4.0.0
    dev: false

  /dom-converter/0.2.0:
    resolution: {integrity: sha1-ZyGp2u4uKTaClVtq/kFncWJ7t2g=}
    dependencies:
      utila: 0.4.0
    dev: false

  /dom-serializer/1.3.2:
    resolution: {integrity: sha1-YgZDfTLO767HFhgDIwx6ILwbTZE=}
    dependencies:
      domelementtype: 2.2.0
      domhandler: 4.3.0
      entities: 2.2.0
    dev: false

  /domelementtype/2.2.0:
    resolution: {integrity: sha1-mgtsJ4LtahxzI9QiZxg9+b2LHVc=}
    dev: false

  /domhandler/4.3.0:
    resolution: {integrity: sha1-FsZYxibPlmln4wb5ZrQx931KViY=}
    engines: {node: '>= 4'}
    dependencies:
      domelementtype: 2.2.0
    dev: false

  /domutils/2.8.0:
    resolution: {integrity: sha1-RDfe9dtuLR9dbuhZvZXKfQIEgTU=}
    dependencies:
      dom-serializer: 1.3.2
      domelementtype: 2.2.0
      domhandler: 4.3.0
    dev: false

  /dot-case/3.0.4:
    resolution: {integrity: sha1-mytnDQCkMWZ6inW6Kc0bmICc51E=}
    dependencies:
      no-case: 3.0.4
      tslib: 2.3.1
    dev: false

  /duplexer/0.1.2:
    resolution: {integrity: sha1-Or5DrvODX4rgd9E23c4PJ2sEAOY=}
    dev: false

  /electron-to-chromium/1.4.8:
    resolution: {integrity: sha1-4bd1KsGnXjm13ZDMfinqCLNRxIQ=}
    dev: false

  /enhanced-resolve/5.8.3:
    resolution: {integrity: sha1-bVUtRlzOBCP1s9cYUR6lOCansvA=}
    engines: {node: '>=10.13.0'}
    dependencies:
      graceful-fs: 4.2.8
      tapable: 2.2.1
    dev: false

  /entities/2.2.0:
    resolution: {integrity: sha1-CY3JDruD2N/6CJ1VJWs1HTTE2lU=}
    dev: false

  /envinfo/7.8.1:
    resolution: {integrity: sha1-Bjd+Pl9NN5/qesWS1a2JJ+DE1HU=}
    engines: {node: '>=4'}
    hasBin: true
    dev: false

  /es-module-lexer/0.9.3:
    resolution: {integrity: sha1-bxPbAMw4QXE32vdDZvU1yOtDjxk=}
    dev: false

  /escalade/3.1.1:
    resolution: {integrity: sha1-2M/ccACWXFoBdLSoLqpcBVJ0LkA=}
    engines: {node: '>=6'}
    dev: false

  /eslint-scope/5.1.1:
    resolution: {integrity: sha1-54blmmbLkrP2wfsNUIqrF0hI9Iw=}
    engines: {node: '>=8.0.0'}
    dependencies:
      esrecurse: 4.3.0
      estraverse: 4.3.0
    dev: false

  /esrecurse/4.3.0:
    resolution: {integrity: sha1-eteWTWeauyi+5yzsY3WLHF0smSE=}
    engines: {node: '>=4.0'}
    dependencies:
      estraverse: 5.3.0
    dev: false

  /estraverse/4.3.0:
    resolution: {integrity: sha1-OYrT88WiSUi+dyXoPRGn3ijNvR0=}
    engines: {node: '>=4.0'}
    dev: false

  /estraverse/5.3.0:
    resolution: {integrity: sha1-LupSkHAvJquP5TcDcP+GyWXSESM=}
    engines: {node: '>=4.0'}
    dev: false

  /event-stream/3.3.4:
    resolution: {integrity: sha1-SrTJoPWlTbkzi0w02Gv86PSzVXE=}
    dependencies:
      duplexer: 0.1.2
      from: 0.1.7
      map-stream: 0.1.0
      pause-stream: 0.0.11
      split: 0.3.3
      stream-combiner: 0.0.4
      through: 2.3.8
    dev: false

  /events/3.3.0:
    resolution: {integrity: sha1-Mala0Kkk4tLEGagTrrLE6HjqdAA=}
    engines: {node: '>=0.8.x'}
    dev: false

  /execa/5.1.1:
    resolution: {integrity: sha1-+ArZy/Qpj3vR1MlVXCHpN0HEEd0=}
    engines: {node: '>=10'}
    dependencies:
      cross-spawn: 7.0.3
      get-stream: 6.0.1
      human-signals: 2.1.0
      is-stream: 2.0.1
      merge-stream: 2.0.0
      npm-run-path: 4.0.1
      onetime: 5.1.2
      signal-exit: 3.0.6
      strip-final-newline: 2.0.0
    dev: false

  /fast-deep-equal/3.1.3:
    resolution: {integrity: sha1-On1WtVnWy8PrUSMlJE5hmmXGxSU=}
    dev: false

  /fast-glob/3.3.2:
    resolution: {integrity: sha1-qQRQHlfP3S/83tRemaVP71XkYSk=}
    engines: {node: '>=8.6.0'}
    dependencies:
      '@nodelib/fs.stat': 2.0.5
      '@nodelib/fs.walk': 1.2.8
      glob-parent: 5.1.2
      merge2: 1.4.1
      micromatch: 4.0.5
    dev: false

  /fast-json-stable-stringify/2.1.0:
    resolution: {integrity: sha1-h0v2nG9ATCtdmcSBNBOZ/VWJJjM=}
    dev: false

  /fastest-levenshtein/1.0.12:
    resolution: {integrity: sha1-mZD306iMxan/0fF0V0UlFwDUl+I=}
    dev: false

  /fastq/1.15.0:
    resolution: {integrity: sha1-0E0HxqKmj+RZn+qNLhA6k3+uazo=}
    dependencies:
      reusify: 1.0.4
    dev: false

  /fetch-blob/3.2.0:
    resolution: {integrity: sha1-8JuNS71Frcbwwgt+eH55PjCdzOk=}
    engines: {node: ^12.20 || >= 14.13}
    dependencies:
      node-domexception: 1.0.0
      web-streams-polyfill: 3.2.1
    dev: false

  /fill-range/7.0.1:
    resolution: {integrity: sha1-GRmmp8df44ssfHflGYU12prN2kA=}
    engines: {node: '>=8'}
    dependencies:
      to-regex-range: 5.0.1
    dev: false

  /find-up/4.1.0:
    resolution: {integrity: sha1-l6/n1s3AvFkoWEt8jXsW6KmqXRk=}
    engines: {node: '>=8'}
    dependencies:
      locate-path: 5.0.0
      path-exists: 4.0.0
    dev: false

  /formdata-polyfill/4.0.10:
    resolution: {integrity: sha1-JIB8McnUAuACqz2McgFEzriEhCM=}
    engines: {node: '>=12.20.0'}
    dependencies:
      fetch-blob: 3.2.0
    dev: false

  /from/0.1.7:
    resolution: {integrity: sha1-g8YK/Fi5xWmXAH7Rp2izqzA6RP4=}
    dev: false

  /fs-extra/11.2.0:
    resolution: {integrity: sha1-5w4X361kIyKH0BkpOZ4Op8hrDls=}
    engines: {node: '>=14.14'}
    dependencies:
      graceful-fs: 4.2.8
      jsonfile: 6.1.0
      universalify: 2.0.1
    dev: false

  /function-bind/1.1.1:
    resolution: {integrity: sha1-pWiZ0+o8m6uHS7l3O3xe3pL0iV0=}
    dev: false

  /fx/31.0.0:
    resolution: {integrity: sha1-8BOzZ9cR8l2qfRF68LEOpxSMSZM=}
    hasBin: true
    dev: false

  /get-stream/6.0.1:
    resolution: {integrity: sha1-omLY7vZ6ztV8KFKtYWdSakPL97c=}
    engines: {node: '>=10'}
    dev: false

  /glob-parent/5.1.2:
    resolution: {integrity: sha1-hpgyxYA0/mikCTwX3BXoNA2EAcQ=}
    engines: {node: '>= 6'}
    dependencies:
      is-glob: 4.0.3
    dev: false

  /glob-to-regexp/0.4.1:
    resolution: {integrity: sha1-x1KXCHyFG5pXi9IX3VmpL1n+VG4=}
    dev: false

  /globby/13.2.2:
    resolution: {integrity: sha1-Y7kLG/aGGcITVHXL1OceZqoJBZI=}
    engines: {node: ^12.20.0 || ^14.13.1 || >=16.0.0}
    dependencies:
      dir-glob: 3.0.1
      fast-glob: 3.3.2
      ignore: 5.3.0
      merge2: 1.4.1
      slash: 4.0.0
    dev: false

  /graceful-fs/4.2.8:
    resolution: {integrity: sha1-5BK40z9eAGWTy9PO5t+fLOu+gCo=}
    dev: false

  /has-flag/4.0.0:
    resolution: {integrity: sha1-lEdx/ZyByBJlxNaUGGDaBrtZR5s=}
    engines: {node: '>=8'}
    dev: false

  /has/1.0.3:
    resolution: {integrity: sha1-ci18v8H2qoJB8W3YFOAR4fQeh5Y=}
    engines: {node: '>= 0.4.0'}
    dependencies:
      function-bind: 1.1.1
    dev: false

  /he/1.2.0:
    resolution: {integrity: sha1-hK5l+n6vsWX922FWauFLrwVmTw8=}
    hasBin: true
    dev: false

  /html-minifier-terser/6.1.0:
    resolution: {integrity: sha1-v8gYk0zAeRj2s2afV3Ts39SPMqs=}
    engines: {node: '>=12'}
    hasBin: true
    dependencies:
      camel-case: 4.1.2
      clean-css: 5.2.2
      commander: 8.3.0
      he: 1.2.0
      param-case: 3.0.4
      relateurl: 0.2.7
      terser: 5.10.0
    dev: false

  /html-webpack-plugin/5.5.0_webpack@5.64.4:
    resolution: {integrity: sha1-w5EZNvV2gcH59Ni2jBWM2d/lL1A=}
    engines: {node: '>=10.13.0'}
    peerDependencies:
      webpack: ^5.20.0
    dependencies:
      '@types/html-minifier-terser': 6.1.0
      html-minifier-terser: 6.1.0
      lodash: 4.17.21
      pretty-error: 4.0.0
      tapable: 2.2.1
      webpack: 5.64.4_webpack-cli@4.9.1
    dev: false

  /htmlparser2/6.1.0:
    resolution: {integrity: sha1-xNditsM3GgXb5l6UrkOp+EX7j7c=}
    dependencies:
      domelementtype: 2.2.0
      domhandler: 4.3.0
      domutils: 2.8.0
      entities: 2.2.0
    dev: false

  /human-signals/2.1.0:
    resolution: {integrity: sha1-3JH8ukLk0G5Kuu0zs+ejwC9RTqA=}
    engines: {node: '>=10.17.0'}
    dev: false

  /icss-utils/5.1.0_postcss@8.4.4:
    resolution: {integrity: sha1-xr5oWKvQE9do6YNmrkfiXViHsa4=}
    engines: {node: ^10 || ^12 || >= 14}
    peerDependencies:
      postcss: ^8.1.0
    dependencies:
      postcss: 8.4.4
    dev: false

  /ignore/5.3.0:
    resolution: {integrity: sha1-Z0GK5A001pmclf9WAWdZxxjIL3g=}
    engines: {node: '>= 4'}
    dev: false

  /import-local/3.0.3:
    resolution: {integrity: sha1-TVHCxJXKk5PaJZ7Ga2LgIpICEeA=}
    engines: {node: '>=8'}
    hasBin: true
    dependencies:
      pkg-dir: 4.2.0
      resolve-cwd: 3.0.0
    dev: false

  /interpret/2.2.0:
    resolution: {integrity: sha1-GnigtZZcQKVBbQB61vUK0nxBffk=}
    engines: {node: '>= 0.10'}
    dev: false

  /is-core-module/2.8.0:
    resolution: {integrity: sha1-AyEzbD0JJeSX/Zf12VyxFKXM1Ug=}
    dependencies:
      has: 1.0.3
    dev: false

  /is-extglob/2.1.1:
    resolution: {integrity: sha1-qIwCU1eR8C7TfHahueqXc8gz+MI=}
    engines: {node: '>=0.10.0'}
    dev: false

  /is-glob/4.0.3:
    resolution: {integrity: sha1-ZPYeQsu7LuwgcanawLKLoeZdUIQ=}
    engines: {node: '>=0.10.0'}
    dependencies:
      is-extglob: 2.1.1
    dev: false

  /is-number/7.0.0:
    resolution: {integrity: sha1-dTU0W4lnNNX4DE0GxQlVUnoU8Ss=}
    engines: {node: '>=0.12.0'}
    dev: false

  /is-plain-object/2.0.4:
    resolution: {integrity: sha1-LBY7P6+xtgbZ0Xko8FwqHDjgdnc=}
    engines: {node: '>=0.10.0'}
    dependencies:
      isobject: 3.0.1
    dev: false

  /is-stream/2.0.1:
    resolution: {integrity: sha1-+sHj1TuXrVqdCunO8jifWBClwHc=}
    engines: {node: '>=8'}
    dev: false

  /isexe/2.0.0:
    resolution: {integrity: sha1-6PvzdNxVb/iUehDcsFctYz8s+hA=}
    dev: false

  /isobject/3.0.1:
    resolution: {integrity: sha1-TkMekrEalzFjaqH5yNHMvP2reN8=}
    engines: {node: '>=0.10.0'}
    dev: false

  /jest-worker/27.4.2:
    resolution: {integrity: sha1-D7Ej1QlVrxpFAmd4fzQKG/fhK8Q=}
    engines: {node: '>= 10.13.0'}
    dependencies:
      '@types/node': 16.11.11
      merge-stream: 2.0.0
      supports-color: 8.1.1
    dev: false

  /json-parse-better-errors/1.0.2:
    resolution: {integrity: sha1-u4Z8+zRQ5pEHwTHRxRS6s9yLyqk=}
    dev: false

  /json-schema-traverse/0.4.1:
    resolution: {integrity: sha1-afaofZUTq4u4/mO9sJecRI5oRmA=}
    dev: false

  /json-schema-traverse/1.0.0:
    resolution: {integrity: sha1-rnvLNlard6c7pcSb9lTzjmtoYOI=}
    dev: false

  /jsonfile/6.1.0:
    resolution: {integrity: sha1-vFWyY0eTxnnsZAMJTrE2mKbsCq4=}
    dependencies:
      universalify: 2.0.1
    optionalDependencies:
      graceful-fs: 4.2.8
    dev: false

  /kind-of/6.0.3:
    resolution: {integrity: sha1-B8BQNKbDSfoG4k+jWqdttFgM5N0=}
    engines: {node: '>=0.10.0'}
    dev: false

  /loader-runner/4.2.0:
    resolution: {integrity: sha1-1wIjgNZtFMX7HUlriYZOvP1Hg4Q=}
    engines: {node: '>=6.11.5'}
    dev: false

  /locate-path/5.0.0:
    resolution: {integrity: sha1-Gvujlq/WdqbUJQTQpno6frn2KqA=}
    engines: {node: '>=8'}
    dependencies:
      p-locate: 4.1.0
    dev: false

  /lodash/4.17.21:
    resolution: {integrity: sha1-Z5WRxWTDv/quhFTPCz3zcMPWkRw=}
    dev: false

  /lower-case/2.0.2:
    resolution: {integrity: sha1-b6I3xj29xKgsoP2ILkci3F5jTig=}
    dependencies:
      tslib: 2.3.1
    dev: false

  /lru-cache/6.0.0:
    resolution: {integrity: sha1-bW/mVw69lqr5D8rR2vo7JWbbOpQ=}
    engines: {node: '>=10'}
    dependencies:
      yallist: 4.0.0
    dev: false

  /map-stream/0.1.0:
    resolution: {integrity: sha1-5WqpTEyAVaFkBKBnS3jyFffI4ZQ=}
    dev: false

  /merge-stream/2.0.0:
    resolution: {integrity: sha1-UoI2KaFN0AyXcPtq1H3GMQ8sH2A=}
    dev: false

  /merge2/1.4.1:
    resolution: {integrity: sha1-Q2iJL4hekHRVpv19xVwMnUBJkK4=}
    engines: {node: '>= 8'}
    dev: false

  /micromatch/4.0.5:
    resolution: {integrity: sha1-vImZp8u/d83InxMvbkZwUbSQkMY=}
    engines: {node: '>=8.6'}
    dependencies:
      braces: 3.0.2
      picomatch: 2.3.1
    dev: false

  /mime-db/1.51.0:
    resolution: {integrity: sha1-2f9iRRhZsYNC2WCFDcPPt35j+ww=}
    engines: {node: '>= 0.6'}
    dev: false

  /mime-types/2.1.34:
    resolution: {integrity: sha1-WnEvnsFQNRGpRYA2QPr+CdN5PCQ=}
    engines: {node: '>= 0.6'}
    dependencies:
      mime-db: 1.51.0
    dev: false

  /mimic-fn/2.1.0:
    resolution: {integrity: sha1-ftLCzMyvhNP/y3pptXcR/CCDQBs=}
    engines: {node: '>=6'}
    dev: false

  /mini-css-extract-plugin/2.4.5_webpack@5.64.4:
    resolution: {integrity: sha1-GR1sFwImA3ISxIOvEYC0AQt7nu8=}
    engines: {node: '>= 12.13.0'}
    peerDependencies:
      webpack: ^5.0.0
    dependencies:
      schema-utils: 4.0.0
      webpack: 5.64.4_webpack-cli@4.9.1
    dev: false

  /minimist/1.2.8:
    resolution: {integrity: sha1-waRk52kzAuCCoHXO4MBXdBrEdyw=}
    dev: false

  /nanoid/3.1.30:
    resolution: {integrity: sha1-Y/k8xUjSoRPcXfvGO/oJ4rm2Q2I=}
    engines: {node: ^10 || ^12 || ^13.7 || ^14 || >=15.0.1}
    hasBin: true
    dev: false

  /neo-async/2.6.2:
    resolution: {integrity: sha1-tKr7k+OustgXTKU88WOrfXMIMF8=}
    dev: false

  /no-case/3.0.4:
    resolution: {integrity: sha1-02H9XJgA9VhVGoNp/A3NRmK2Ek0=}
    dependencies:
      lower-case: 2.0.2
      tslib: 2.3.1
    dev: false

  /node-domexception/1.0.0:
    resolution: {integrity: sha1-aIjbRqH3HAt2s/dVUBa2P+ZHZuU=}
    engines: {node: '>=10.5.0'}
    dev: false

  /node-fetch/3.3.1:
    resolution: {integrity: sha1-s+6ntUs6SAIORvT4i5xadDDSCy4=}
    engines: {node: ^12.20.0 || ^14.13.1 || >=16.0.0}
    dependencies:
      data-uri-to-buffer: 4.0.1
      fetch-blob: 3.2.0
      formdata-polyfill: 4.0.10
    dev: false

  /node-releases/2.0.1:
    resolution: {integrity: sha1-PR05XyBPHy8ppUNYuftnh2WtL8U=}
    dev: false

  /npm-run-path/4.0.1:
    resolution: {integrity: sha1-t+zR5e1T2o43pV4cImnguX7XSOo=}
    engines: {node: '>=8'}
    dependencies:
      path-key: 3.1.1
    dev: false

  /nth-check/2.0.1:
    resolution: {integrity: sha1-Lv4WL1w9oGoolZ+9PbddvuqfD8I=}
    dependencies:
      boolbase: 1.0.0
    dev: false

  /onetime/5.1.2:
    resolution: {integrity: sha1-0Oluu1awdHbfHdnEgG5SN5hcpF4=}
    engines: {node: '>=6'}
    dependencies:
      mimic-fn: 2.1.0
    dev: false

  /p-limit/2.3.0:
    resolution: {integrity: sha1-PdM8ZHohT9//2DWTPrCG2g3CHbE=}
    engines: {node: '>=6'}
    dependencies:
      p-try: 2.2.0
    dev: false

  /p-locate/4.1.0:
    resolution: {integrity: sha1-o0KLtwiLOmApL2aRkni3wpetTwc=}
    engines: {node: '>=8'}
    dependencies:
      p-limit: 2.3.0
    dev: false

  /p-try/2.2.0:
    resolution: {integrity: sha1-yyhoVA4xPWHeWPr741zpAE1VQOY=}
    engines: {node: '>=6'}
    dev: false

  /param-case/3.0.4:
    resolution: {integrity: sha1-fRf+SqEr3jTUp32RrPtiGcqtAcU=}
    dependencies:
      dot-case: 3.0.4
      tslib: 2.3.1
    dev: false

  /pascal-case/3.1.2:
    resolution: {integrity: sha1-tI4O8rmOIF58Ha50fQsVCCN2YOs=}
    dependencies:
      no-case: 3.0.4
      tslib: 2.3.1
    dev: false

  /path-exists/4.0.0:
    resolution: {integrity: sha1-UTvb4tO5XXdi6METfvoZXGxhtbM=}
    engines: {node: '>=8'}
    dev: false

  /path-key/3.1.1:
    resolution: {integrity: sha1-WB9q3mWMu6ZaDTOA3ndTKVBU83U=}
    engines: {node: '>=8'}
    dev: false

  /path-parse/1.0.7:
    resolution: {integrity: sha1-+8EUtgykKzDZ2vWFjkvWi77bZzU=}
    dev: false

  /path-type/4.0.0:
    resolution: {integrity: sha1-hO0BwKe6OAr+CdkKjBgNzZ0DBDs=}
    engines: {node: '>=8'}
    dev: false

  /pause-stream/0.0.11:
    resolution: {integrity: sha1-/lo0sMvOErWqaitAPuLnO2AvFEU=}
    dependencies:
      through: 2.3.8
    dev: false

  /picocolors/1.0.0:
    resolution: {integrity: sha1-y1vcdP8/UYkiNur3nWi8RFZKuBw=}
    dev: false

  /picomatch/2.3.1:
    resolution: {integrity: sha1-O6ODNzNkbZ0+SZWUbBNlpn+wekI=}
    engines: {node: '>=8.6'}
    dev: false

  /pkg-dir/4.2.0:
    resolution: {integrity: sha1-8JkTPfft5CLoHR2ESCcO6z5CYfM=}
    engines: {node: '>=8'}
    dependencies:
      find-up: 4.1.0
    dev: false

  /postcss-modules-extract-imports/3.0.0_postcss@8.4.4:
    resolution: {integrity: sha1-zaHwR8CugMl9vijD52pDuIAldB0=}
    engines: {node: ^10 || ^12 || >= 14}
    peerDependencies:
      postcss: ^8.1.0
    dependencies:
      postcss: 8.4.4
    dev: false

  /postcss-modules-local-by-default/4.0.0_postcss@8.4.4:
    resolution: {integrity: sha1-67tU+uFZjuz99pGgKz/zs5ClpRw=}
    engines: {node: ^10 || ^12 || >= 14}
    peerDependencies:
      postcss: ^8.1.0
    dependencies:
      icss-utils: 5.1.0_postcss@8.4.4
      postcss: 8.4.4
      postcss-selector-parser: 6.0.6
      postcss-value-parser: 4.2.0
    dev: false

  /postcss-modules-scope/3.0.0_postcss@8.4.4:
    resolution: {integrity: sha1-nvMVFFbTu/oSDKRImN/Kby+gHwY=}
    engines: {node: ^10 || ^12 || >= 14}
    peerDependencies:
      postcss: ^8.1.0
    dependencies:
      postcss: 8.4.4
      postcss-selector-parser: 6.0.6
    dev: false

  /postcss-modules-values/4.0.0_postcss@8.4.4:
    resolution: {integrity: sha1-18Xn5ow7s8myfL9Iyguz/7RgLJw=}
    engines: {node: ^10 || ^12 || >= 14}
    peerDependencies:
      postcss: ^8.1.0
    dependencies:
      icss-utils: 5.1.0_postcss@8.4.4
      postcss: 8.4.4
    dev: false

  /postcss-selector-parser/6.0.6:
    resolution: {integrity: sha1-LFu6gXSsL2mBq2MaQqsO5UrzMuo=}
    engines: {node: '>=4'}
    dependencies:
      cssesc: 3.0.0
      util-deprecate: 1.0.2
    dev: false

  /postcss-value-parser/4.2.0:
    resolution: {integrity: sha1-cjwJkgg2um0+WvAZ+SvAlxwC5RQ=}
    dev: false

  /postcss/8.4.4:
    resolution: {integrity: sha1-1T1Oxqdf1iVXpmu0GXi/R/8MKGk=}
    engines: {node: ^10 || ^12 || >=14}
    dependencies:
      nanoid: 3.1.30
      picocolors: 1.0.0
      source-map-js: 1.0.1
    dev: false

  /pretty-error/4.0.0:
    resolution: {integrity: sha1-kKcD9G3XI0rbRtD4SCPp0cuPENY=}
    dependencies:
      lodash: 4.17.21
      renderkid: 3.0.0
    dev: false

  /ps-tree/1.2.0:
    resolution: {integrity: sha1-XnQluJUIc2zdTyIk0Cj3uz9yLr0=}
    engines: {node: '>= 0.10'}
    hasBin: true
    dependencies:
      event-stream: 3.3.4
    dev: false

  /punycode/2.1.1:
    resolution: {integrity: sha1-tYsBCsQMIsVldhbI0sLALHv0eew=}
    engines: {node: '>=6'}
    dev: false

  /queue-microtask/1.2.3:
    resolution: {integrity: sha1-SSkii7xyTfrEPg77BYyve2z7YkM=}
    dev: false

  /randombytes/2.1.0:
    resolution: {integrity: sha1-32+ENy8CcNxlzfYpE0mrekc9Tyo=}
    dependencies:
      safe-buffer: 5.2.1
    dev: false

  /rechoir/0.7.1:
    resolution: {integrity: sha1-lHipahyhNbXoj8An8D7pLWxkVoY=}
    engines: {node: '>= 0.10'}
    dependencies:
      resolve: 1.20.0
    dev: false

  /relateurl/0.2.7:
    resolution: {integrity: sha1-VNvzd+UUQKypCkzSdGANP/LYiKk=}
    engines: {node: '>= 0.10'}
    dev: false

  /renderkid/3.0.0:
    resolution: {integrity: sha1-X9gj5NaVHTc1jsyaWLHwaDa2Joo=}
    dependencies:
      css-select: 4.1.3
      dom-converter: 0.2.0
      htmlparser2: 6.1.0
      lodash: 4.17.21
      strip-ansi: 6.0.1
    dev: false

  /require-from-string/2.0.2:
    resolution: {integrity: sha1-iaf92TgmEmcxjq/hT5wy5ZjDaQk=}
    engines: {node: '>=0.10.0'}
    dev: false

  /resolve-cwd/3.0.0:
    resolution: {integrity: sha1-DwB18bslRHZs9zumpuKt/ryxPy0=}
    engines: {node: '>=8'}
    dependencies:
      resolve-from: 5.0.0
    dev: false

  /resolve-from/5.0.0:
    resolution: {integrity: sha1-w1IlhD3493bfIcV1V7wIfp39/Gk=}
    engines: {node: '>=8'}
    dev: false

  /resolve/1.20.0:
    resolution: {integrity: sha1-YpoBP7P3B1XW8LeTXMHCxTeLGXU=}
    dependencies:
      is-core-module: 2.8.0
      path-parse: 1.0.7
    dev: false

  /reusify/1.0.4:
    resolution: {integrity: sha1-kNo4Kx4SbvwCFG6QhFqI2xKSXXY=}
    engines: {iojs: '>=1.0.0', node: '>=0.10.0'}
    dev: false

  /run-parallel/1.2.0:
    resolution: {integrity: sha1-ZtE2jae9+SHrnZW9GpIp5/IaQ+4=}
    dependencies:
      queue-microtask: 1.2.3
    dev: false

  /safe-buffer/5.2.1:
    resolution: {integrity: sha1-Hq+fqb2x/dTsdfWPnNtOa3gn7sY=}
    dev: false

  /schema-utils/3.1.1:
    resolution: {integrity: sha1-vHTEtraZXB2I92qLd76nIZ4MgoE=}
    engines: {node: '>= 10.13.0'}
    dependencies:
      '@types/json-schema': 7.0.9
      ajv: 6.12.6
      ajv-keywords: 3.5.2_ajv@6.12.6
    dev: false

  /schema-utils/4.0.0:
    resolution: {integrity: sha1-YDMenjrnjsXRY1PEZ8NLOgodPfc=}
    engines: {node: '>= 12.13.0'}
    dependencies:
      '@types/json-schema': 7.0.9
      ajv: 8.8.2
      ajv-formats: 2.1.1
      ajv-keywords: 5.1.0_ajv@8.8.2
    dev: false

  /semver/7.3.5:
    resolution: {integrity: sha1-C2Ich5NI2JmOSw5L6Us/EuYBjvc=}
    engines: {node: '>=10'}
    hasBin: true
    dependencies:
      lru-cache: 6.0.0
    dev: false

  /serialize-javascript/6.0.0:
    resolution: {integrity: sha1-765diPRdeSQUHai1w6en5mP+/rg=}
    dependencies:
      randombytes: 2.1.0
    dev: false

  /shallow-clone/3.0.1:
    resolution: {integrity: sha1-jymBrZJTH1UDWwH7IwdppA4C76M=}
    engines: {node: '>=8'}
    dependencies:
      kind-of: 6.0.3
    dev: false

  /shebang-command/2.0.0:
    resolution: {integrity: sha1-zNCvT4g1+9wmW4JGGq8MNmY/NOo=}
    engines: {node: '>=8'}
    dependencies:
      shebang-regex: 3.0.0
    dev: false

  /shebang-regex/3.0.0:
    resolution: {integrity: sha1-rhbxZE2HPsrYQ7AwexQzYtTEIXI=}
    engines: {node: '>=8'}
    dev: false

  /signal-exit/3.0.6:
    resolution: {integrity: sha1-JOYwxLDwP+pEaivSmeYrSmyo0K8=}
    dev: false

  /slash/4.0.0:
    resolution: {integrity: sha1-JCI3IXbExsWt214q2oha+YSzlqc=}
    engines: {node: '>=12'}
    dev: false

  /source-map-js/1.0.1:
    resolution: {integrity: sha1-oXQcEx48d9BIJSrfok4juQhnDK8=}
    engines: {node: '>=0.10.0'}
    dev: false

  /source-map-support/0.5.21:
    resolution: {integrity: sha1-BP58f54e0tZiIzwoyys1ufY/bk8=}
    dependencies:
      buffer-from: 1.1.2
      source-map: 0.6.1
    dev: false

  /source-map/0.6.1:
    resolution: {integrity: sha1-dHIq8y6WFOnCh6jQu95IteLxomM=}
    engines: {node: '>=0.10.0'}
    dev: false

  /source-map/0.7.3:
    resolution: {integrity: sha1-UwL4FpAxc1ImVECS5kmB91F1A4M=}
    engines: {node: '>= 8'}
    dev: false

  /split/0.3.3:
    resolution: {integrity: sha1-zQ7qXmOiEd//frDwkcQTPi0N0o8=}
    dependencies:
      through: 2.3.8
    dev: false

  /stream-combiner/0.0.4:
    resolution: {integrity: sha1-TV5DPBhSYd3mI8o/RMWGvPXErRQ=}
    dependencies:
      duplexer: 0.1.2
    dev: false

  /strip-ansi/6.0.1:
    resolution: {integrity: sha1-nibGPTD1NEPpSJSVshBdN7Z6hdk=}
    engines: {node: '>=8'}
    dependencies:
      ansi-regex: 5.0.1
    dev: false

  /strip-final-newline/2.0.0:
    resolution: {integrity: sha1-ibhS+y/L6Tb29LMYevsKEsGrWK0=}
    engines: {node: '>=6'}
    dev: false

  /supports-color/7.2.0:
    resolution: {integrity: sha1-G33NyzK4E4gBs+R4umpRyqiWSNo=}
    engines: {node: '>=8'}
    dependencies:
      has-flag: 4.0.0
    dev: false

  /supports-color/8.1.1:
    resolution: {integrity: sha1-zW/BfihQDP9WwbhsCn/UpUpzAFw=}
    engines: {node: '>=10'}
    dependencies:
      has-flag: 4.0.0
    dev: false

  /tapable/2.2.1:
    resolution: {integrity: sha1-GWenPvQGCoLxKrlq+G1S/bdu7KA=}
    engines: {node: '>=6'}
    dev: false

  /terser-webpack-plugin/5.2.5_webpack@5.64.4:
    resolution: {integrity: sha1-zmW5iAoMNoclVcSHT0W72wLuMsk=}
    engines: {node: '>= 10.13.0'}
    peerDependencies:
      '@swc/core': '*'
      esbuild: '*'
      uglify-js: '*'
      webpack: ^5.1.0
    peerDependenciesMeta:
      '@swc/core':
        optional: true
      esbuild:
        optional: true
      uglify-js:
        optional: true
    dependencies:
      jest-worker: 27.4.2
      schema-utils: 3.1.1
      serialize-javascript: 6.0.0
      source-map: 0.6.1
      terser: 5.10.0
      webpack: 5.64.4_webpack-cli@4.9.1
    dev: false

  /terser/5.10.0:
    resolution: {integrity: sha1-uGOQgJwDiRBesKC2I5dWMJbdr8w=}
    engines: {node: '>=10'}
    hasBin: true
    peerDependenciesMeta:
      acorn:
        optional: true
    dependencies:
      acorn: 8.6.0
      commander: 2.20.3
      source-map: 0.7.3
      source-map-support: 0.5.21
    dev: false

  /through/2.3.8:
    resolution: {integrity: sha1-DdTJ/6q8NXlgsbckEV1+Doai4fU=}
    dev: false

  /to-regex-range/5.0.1:
    resolution: {integrity: sha1-FkjESq58jZiKMmAY7XL1tN0DkuQ=}
    engines: {node: '>=8.0'}
    dependencies:
      is-number: 7.0.0
    dev: false

  /tslib/2.3.1:
    resolution: {integrity: sha1-6KM1rdXOrlGqJh0ypJAVjvBC7wE=}
    dev: false

  /undici-types/5.26.5:
    resolution: {integrity: sha1-vNU5iT0AtW6WT9JlekhmsiGmVhc=}
    dev: false

  /universalify/2.0.1:
    resolution: {integrity: sha1-Fo78IYCWTmOG0GHglN9hr+I5sY0=}
    engines: {node: '>= 10.0.0'}
    dev: false

  /uri-js/4.4.1:
    resolution: {integrity: sha1-mxpSWVIlhZ5V9mnZKPiMbFfyp34=}
    dependencies:
      punycode: 2.1.1
    dev: false

  /util-deprecate/1.0.2:
    resolution: {integrity: sha1-RQ1Nyfpw3nMnYvvS1KKJgUGaDM8=}
    dev: false

  /utila/0.4.0:
    resolution: {integrity: sha1-ihagXURWV6Oupe7MWxKk+lN5dyw=}
    dev: false

  /watchpack/2.3.0:
    resolution: {integrity: sha1-pBvKPaavr/MekqQz9MhWoMJeoMQ=}
    engines: {node: '>=10.13.0'}
    dependencies:
      glob-to-regexp: 0.4.1
      graceful-fs: 4.2.8
    dev: false

  /web-streams-polyfill/3.2.1:
    resolution: {integrity: sha1-ccJxjFK0X9Sdvu6IY0s6YM6rQqY=}
    engines: {node: '>= 8'}
    dev: false

  /webpack-cli/4.9.1_webpack@5.64.4:
    resolution: {integrity: sha1-tkvoJeLRsTDyhcMUyqOxuppGMrM=}
    engines: {node: '>=10.13.0'}
    hasBin: true
    peerDependencies:
      '@webpack-cli/generators': '*'
      '@webpack-cli/migrate': '*'
      webpack: 4.x.x || 5.x.x
      webpack-bundle-analyzer: '*'
      webpack-dev-server: '*'
    peerDependenciesMeta:
      '@webpack-cli/generators':
        optional: true
      '@webpack-cli/migrate':
        optional: true
      webpack-bundle-analyzer:
        optional: true
      webpack-dev-server:
        optional: true
    dependencies:
      '@discoveryjs/json-ext': 0.5.6
      '@webpack-cli/configtest': 1.1.0_oalnehy4lrvn7oeoqxdhsgl4xi
      '@webpack-cli/info': 1.4.0_webpack-cli@4.9.1
      '@webpack-cli/serve': 1.6.0_webpack-cli@4.9.1
      colorette: 2.0.16
      commander: 7.2.0
      execa: 5.1.1
      fastest-levenshtein: 1.0.12
      import-local: 3.0.3
      interpret: 2.2.0
      rechoir: 0.7.1
      webpack: 5.64.4_webpack-cli@4.9.1
      webpack-merge: 5.8.0
    dev: false

  /webpack-merge/5.8.0:
    resolution: {integrity: sha1-Kznb8ir4d3atdEw5AiNzHTCmj2E=}
    engines: {node: '>=10.0.0'}
    dependencies:
      clone-deep: 4.0.1
      wildcard: 2.0.0
    dev: false

  /webpack-sources/3.2.2:
    resolution: {integrity: sha1-2I43QYM+/sV8THibYBDbmXdUUmA=}
    engines: {node: '>=10.13.0'}
    dev: false

  /webpack/5.64.4_webpack-cli@4.9.1:
    resolution: {integrity: sha1-4UVLahMAn1fMLHjghBbNZ0Yik3s=}
    engines: {node: '>=10.13.0'}
    hasBin: true
    peerDependencies:
      webpack-cli: '*'
    peerDependenciesMeta:
      webpack-cli:
        optional: true
    dependencies:
      '@types/eslint-scope': 3.7.1
      '@types/estree': 0.0.50
      '@webassemblyjs/ast': 1.11.1
      '@webassemblyjs/wasm-edit': 1.11.1
      '@webassemblyjs/wasm-parser': 1.11.1
      acorn: 8.6.0
      acorn-import-assertions: 1.8.0_acorn@8.6.0
      browserslist: 4.18.1
      chrome-trace-event: 1.0.3
      enhanced-resolve: 5.8.3
      es-module-lexer: 0.9.3
      eslint-scope: 5.1.1
      events: 3.3.0
      glob-to-regexp: 0.4.1
      graceful-fs: 4.2.8
      json-parse-better-errors: 1.0.2
      loader-runner: 4.2.0
      mime-types: 2.1.34
      neo-async: 2.6.2
      schema-utils: 3.1.1
      tapable: 2.2.1
      terser-webpack-plugin: 5.2.5_webpack@5.64.4
      watchpack: 2.3.0
      webpack-cli: 4.9.1_webpack@5.64.4
      webpack-sources: 3.2.2
    transitivePeerDependencies:
      - '@swc/core'
      - esbuild
      - uglify-js
    dev: false

  /webpod/0.0.2:
    resolution: {integrity: sha1-tXfJNgT9I1lkiHNYhxaLMjbjra4=}
    hasBin: true
    dev: false

  /which/2.0.2:
    resolution: {integrity: sha1-fGqN0KY2oDJ+ELWckobu6T8/UbE=}
    engines: {node: '>= 8'}
    hasBin: true
    dependencies:
      isexe: 2.0.0
    dev: false

  /which/3.0.1:
    resolution: {integrity: sha1-ifHNDCP2KagQX/5puBcnkch7S+E=}
    engines: {node: ^14.17.0 || ^16.13.0 || >=18.0.0}
    hasBin: true
    dependencies:
      isexe: 2.0.0
    dev: false

  /wildcard/2.0.0:
    resolution: {integrity: sha1-p30g5SAMb6qsl55LOq3Hs91/j+w=}
    dev: false

  /yallist/4.0.0:
    resolution: {integrity: sha1-m7knkNnA7/7GO+c1GeEaNQGaOnI=}
    dev: false

  /yaml/2.3.4:
    resolution: {integrity: sha1-U/wdUUvoCqvzhtxgAespvzt1I7I=}
    engines: {node: '>= 14'}
    dev: false

  /zx/7.2.3:
    resolution: {integrity: sha1-2f72vQhPfiGZQIDeCfsg5EEHTDk=}
    engines: {node: '>= 16.0.0'}
    hasBin: true
    dependencies:
      '@types/fs-extra': 11.0.4
      '@types/minimist': 1.2.5
      '@types/node': 18.19.2
      '@types/ps-tree': 1.1.6
      '@types/which': 3.0.3
      chalk: 5.3.0
      fs-extra: 11.2.0
      fx: 31.0.0
      globby: 13.2.2
      minimist: 1.2.8
      node-fetch: 3.3.1
      ps-tree: 1.2.0
      webpod: 0.0.2
      which: 3.0.1
      yaml: 2.3.4
    dev: false

  file:../../mi-opensource/scm-track/mi-scm-track-0.0.1-alpha.0.tgz_okaxegydrcw3wjsx56u557aiea:
    resolution: {integrity: sha512-FCUoDFo+ijhTrgimga5BnO2jUbe8fyBzyy7Da+mZNp3jdkmI0ssuAHoonC27zEJlFubTawiDUbeOeM53NH3yMA==, tarball: file:../../mi-opensource/scm-track/mi-scm-track-0.0.1-alpha.0.tgz}
    id: file:../../mi-opensource/scm-track/mi-scm-track-0.0.1-alpha.0.tgz
    name: '@mi/scm-track'
    version: 0.0.1-alpha.0
    peerDependencies:
      html-webpack-plugin: ^5.0.0
      webpack: ^5.0.0
    dependencies:
      html-webpack-plugin: 5.5.0_webpack@5.64.4
      webpack: 5.64.4_webpack-cli@4.9.1
    dev: false
